
Microsoft Visual Studio Solution File, Format Version 12.00
# Visual Studio Version 16
VisualStudioVersion = 16.0.30503.244
MinimumVisualStudioVersion = 10.0.40219.1
Project("{FAE04EC0-301F-11D3-BF4B-00C04F79EFBC}") = "FindMaximumUsingGenerics", "FindMaximumUsingGenerics.csproj", "{FAC82FF5-062D-4FAF-9302-82E0202A1602}"
EndProject
Project("{FAE04EC0-301F-11D3-BF4B-00C04F79EFBC}") = "MaxUsingGenericsTest", "..\MaxUsingGenericsTest\MaxUsingGenericsTest.csproj", "{F4A8EA04-414F-404A-900D-3977A10BA230}"
EndProject
Global
	GlobalSection(SolutionConfigurationPlatforms) = preSolution
		Debug|Any CPU = Debug|Any CPU
		Release|Any CPU = Release|Any CPU
	EndGlobalSection
	GlobalSection(ProjectConfigurationPlatforms) = postSolution
		{FAC82FF5-062D-4FAF-9302-82E0202A1602}.Debug|Any CPU.ActiveCfg = Debug|Any CPU
		{FAC82FF5-062D-4FAF-9302-82E0202A1602}.Debug|Any CPU.Build.0 = Debug|Any CPU
		{FAC82FF5-062D-4FAF-9302-82E0202A1602}.Release|Any CPU.ActiveCfg = Release|Any CPU
		{FAC82FF5-062D-4FAF-9302-82E0202A1602}.Release|Any CPU.Build.0 = Release|Any CPU
		{F4A8EA04-414F-404A-900D-3977A10BA230}.Debug|Any CPU.ActiveCfg = Debug|Any CPU
		{F4A8EA04-414F-404A-900D-3977A10BA230}.Debug|Any CPU.Build.0 = Debug|Any CPU
		{F4A8EA04-414F-404A-900D-3977A10BA230}.Release|Any CPU.ActiveCfg = Release|Any CPU
		{F4A8EA04-414F-404A-900D-3977A10BA230}.Release|Any CPU.Build.0 = Release|Any CPU
	EndGlobalSection
	GlobalSection(SolutionProperties) = preSolution
		HideSolutionNode = FALSE
	EndGlobalSection
	GlobalSection(ExtensibilityGlobals) = postSolution
		SolutionGuid = {EE2A6C33-EFBB-4F6E-8789-5011EB21F1B2}
	EndGlobalSection
EndGlobal
